
Microsoft Visual Studio Solution File, Format Version 12.00
# Visual Studio 15
VisualStudioVersion = 15.0.27130.2027
MinimumVisualStudioVersion = 10.0.40219.1
Project("{9A19103F-16F7-4668-BE54-9A1E7A4F7556}") = "Riverside.Utilities", "Riverside.Utilities\Riverside.Utilities.csproj", "{FF280CA0-5FBF-45CD-813B-93AD811F4E0D}"
EndProject
Project("{9A19103F-16F7-4668-BE54-9A1E7A4F7556}") = "Riverside.UI", "Riverside.UI\Riverside.UI.csproj", "{22862CB3-E48B-48A4-8390-6750D9ED7A53}"
EndProject
Project("{9A19103F-16F7-4668-BE54-9A1E7A4F7556}") = "WebApplication", "WebApplication\WebApplication.csproj", "{4659F257-8E69-44F3-A215-C6989FF71C93}"
EndProject
Project("{9A19103F-16F7-4668-BE54-9A1E7A4F7556}") = "Riverside.Cms.Core", "Riverside.Cms.Core\Riverside.Cms.Core.csproj", "{DC9516A9-79B7-44A2-9FDC-0DB4D7E246F8}"
EndProject
Project("{9A19103F-16F7-4668-BE54-9A1E7A4F7556}") = "Riverside.Cms.Elements", "Riverside.Cms.Elements\Riverside.Cms.Elements.csproj", "{36A6A46D-750F-4EF2-A017-B684C05BAB08}"
EndProject
Project("{00D1A9C2-B5F0-4AF3-8072-F6C62B433612}") = "Database", "Database\Database.sqlproj", "{403DC74A-A4D6-4BE6-99B5-2EA8A1D87019}"
EndProject
Project("{2150E333-8FDC-42A3-9474-1A3956D46DE8}") = "src", "src", "{90988250-F53A-4655-81E5-F690E2CAD416}"
EndProject
Project("{2150E333-8FDC-42A3-9474-1A3956D46DE8}") = "Services", "Services", "{0A016858-A0E1-4054-890A-8901079F8CC2}"
EndProject
Project("{E53339B2-1760-4266-BCC7-CA923CBCF16C}") = "docker-compose", "docker-compose.dcproj", "{68440F57-BBC1-40A1-B5B6-AF72AE1B1177}"
EndProject
Project("{2150E333-8FDC-42A3-9474-1A3956D46DE8}") = "Storage", "Storage", "{E8D89EBC-FBFE-4191-8CC7-F489E729E4C9}"
EndProject
Project("{9A19103F-16F7-4668-BE54-9A1E7A4F7556}") = "Storage.Domain", "src\Services\Storage\Storage.Domain\Storage.Domain.csproj", "{491F6FCC-9187-4FF2-A88C-81E68C8A55DE}"
EndProject
Project("{9A19103F-16F7-4668-BE54-9A1E7A4F7556}") = "Storage.Infrastructure", "src\Services\Storage\Storage.Infrastructure\Storage.Infrastructure.csproj", "{373244AB-ADF6-4068-B945-294A34F3302D}"
EndProject
Project("{9A19103F-16F7-4668-BE54-9A1E7A4F7556}") = "Storage.API", "src\Services\Storage\Storage.API\Storage.API.csproj", "{AD887821-F9C8-4475-908C-CC65C2B1C59C}"
EndProject
Project("{2150E333-8FDC-42A3-9474-1A3956D46DE8}") = "Core", "Core", "{12968302-C293-42A6-8CE5-114CA39CDDBD}"
EndProject
Project("{9A19103F-16F7-4668-BE54-9A1E7A4F7556}") = "Core.API", "src\Services\Core\Core.API\Core.API.csproj", "{537FF7BF-8C97-4F62-A916-D06A1BA4AE52}"
EndProject
Project("{9A19103F-16F7-4668-BE54-9A1E7A4F7556}") = "Core.Domain", "src\Services\Core\Core.Domain\Core.Domain.csproj", "{9E8F2709-66D9-409A-B1B0-68FF9E197A31}"
EndProject
Project("{9A19103F-16F7-4668-BE54-9A1E7A4F7556}") = "Core.Infrastructure", "src\Services\Core\Core.Infrastructure\Core.Infrastructure.csproj", "{2876BE96-D064-41F9-A189-40F2B0DBEC45}"
EndProject
Project("{9A19103F-16F7-4668-BE54-9A1E7A4F7556}") = "Core.Client", "src\Services\Core\Core.Client\Core.Client.csproj", "{84D7778B-F4CF-407A-935D-CA52F97D6ED6}"
EndProject
Project("{2150E333-8FDC-42A3-9474-1A3956D46DE8}") = "Utilities", "Utilities", "{4F51F6CF-7CE8-4BBE-A8C8-15ECE483DC6F}"
EndProject
Project("{2150E333-8FDC-42A3-9474-1A3956D46DE8}") = "Applications", "Applications", "{7473C34D-E8E8-465F-96D9-CAF19904780F}"
EndProject
Project("{9A19103F-16F7-4668-BE54-9A1E7A4F7556}") = "RiversideCms.Mvc", "src\Applications\RiversideCms.Mvc\RiversideCms.Mvc.csproj", "{EB2CAF3D-745B-481C-8068-CE9A2E600992}"
EndProject
Project("{2150E333-8FDC-42A3-9474-1A3956D46DE8}") = "Element", "Element", "{1A9DF9D1-EAC3-46A6-8E70-12C7A299F79B}"
EndProject
Project("{9A19103F-16F7-4668-BE54-9A1E7A4F7556}") = "Element.Api", "src\Services\Element\Element.Api\Element.Api.csproj", "{6773734C-C5AD-4374-82D5-973F4BF35CAB}"
EndProject
Project("{9A19103F-16F7-4668-BE54-9A1E7A4F7556}") = "Element.Client", "src\Services\Element\Element.Client\Element.Client.csproj", "{D753E41C-FD1B-43C5-9D8D-AA58066F8CFF}"
EndProject
Project("{9A19103F-16F7-4668-BE54-9A1E7A4F7556}") = "Element.Domain", "src\Services\Element\Element.Domain\Element.Domain.csproj", "{244703B4-3381-4488-A132-5E86B00053F4}"
EndProject
Project("{9A19103F-16F7-4668-BE54-9A1E7A4F7556}") = "Element.Infrastructure", "src\Services\Element\Element.Infrastructure\Element.Infrastructure.csproj", "{08B15786-DC43-4629-80BC-07E6E1E74791}"
EndProject
Project("{9A19103F-16F7-4668-BE54-9A1E7A4F7556}") = "ConsoleHelperApp", "src\Applications\ConsoleHelperApp\ConsoleHelperApp.csproj", "{1E80063C-2ACB-4217-9F2D-B5A16E1931EE}"
EndProject
Project("{2150E333-8FDC-42A3-9474-1A3956D46DE8}") = "Reviews", "Reviews", "{603FCF73-0267-42E1-86DE-A1339DA0302C}"
EndProject
Project("{9A19103F-16F7-4668-BE54-9A1E7A4F7556}") = "Reviews.Domain", "src\Services\Reviews\Reviews.Domain\Reviews.Domain.csproj", "{75122D13-1CF0-4998-B0E9-03C107C2718E}"
EndProject
Project("{9A19103F-16F7-4668-BE54-9A1E7A4F7556}") = "Reviews.Infrastructure", "src\Services\Reviews\Reviews.Infrastructure\Reviews.Infrastructure.csproj", "{73D5A577-1A58-4E59-8531-C2B31C81BADE}"
EndProject
Project("{2150E333-8FDC-42A3-9474-1A3956D46DE8}") = "Google", "Google", "{5CC2E981-1AC8-421E-B6F8-BA94CC8A7C31}"
EndProject
Project("{9A19103F-16F7-4668-BE54-9A1E7A4F7556}") = "Google.Places.Client", "src\Utilities\Google\Google.Places.Client\Google.Places.Client.csproj", "{4AA90EA9-3367-4076-B198-2E539C1D636F}"
EndProject
Project("{2150E333-8FDC-42A3-9474-1A3956D46DE8}") = "Net", "Net", "{BFBE7660-CD29-4202-88F6-85B241F958FD}"
EndProject
Project("{9A19103F-16F7-4668-BE54-9A1E7A4F7556}") = "Net.RestSharpExtensions", "src\Utilities\Net\Net.RestSharpExtensions\Net.RestSharpExtensions.csproj", "{FED13314-E2F0-4C1E-B656-EDC45EB25351}"
EndProject
Global
	GlobalSection(SolutionConfigurationPlatforms) = preSolution
		Debug|Any CPU = Debug|Any CPU
		Release|Any CPU = Release|Any CPU
	EndGlobalSection
	GlobalSection(ProjectConfigurationPlatforms) = postSolution
		{FF280CA0-5FBF-45CD-813B-93AD811F4E0D}.Debug|Any CPU.ActiveCfg = Debug|Any CPU
		{FF280CA0-5FBF-45CD-813B-93AD811F4E0D}.Debug|Any CPU.Build.0 = Debug|Any CPU
		{FF280CA0-5FBF-45CD-813B-93AD811F4E0D}.Release|Any CPU.ActiveCfg = Release|Any CPU
		{FF280CA0-5FBF-45CD-813B-93AD811F4E0D}.Release|Any CPU.Build.0 = Release|Any CPU
		{22862CB3-E48B-48A4-8390-6750D9ED7A53}.Debug|Any CPU.ActiveCfg = Debug|Any CPU
		{22862CB3-E48B-48A4-8390-6750D9ED7A53}.Debug|Any CPU.Build.0 = Debug|Any CPU
		{22862CB3-E48B-48A4-8390-6750D9ED7A53}.Release|Any CPU.ActiveCfg = Release|Any CPU
		{22862CB3-E48B-48A4-8390-6750D9ED7A53}.Release|Any CPU.Build.0 = Release|Any CPU
		{4659F257-8E69-44F3-A215-C6989FF71C93}.Debug|Any CPU.ActiveCfg = Debug|Any CPU
		{4659F257-8E69-44F3-A215-C6989FF71C93}.Debug|Any CPU.Build.0 = Debug|Any CPU
		{4659F257-8E69-44F3-A215-C6989FF71C93}.Release|Any CPU.ActiveCfg = Release|Any CPU
		{4659F257-8E69-44F3-A215-C6989FF71C93}.Release|Any CPU.Build.0 = Release|Any CPU
		{DC9516A9-79B7-44A2-9FDC-0DB4D7E246F8}.Debug|Any CPU.ActiveCfg = Debug|Any CPU
		{DC9516A9-79B7-44A2-9FDC-0DB4D7E246F8}.Debug|Any CPU.Build.0 = Debug|Any CPU
		{DC9516A9-79B7-44A2-9FDC-0DB4D7E246F8}.Release|Any CPU.ActiveCfg = Release|Any CPU
		{DC9516A9-79B7-44A2-9FDC-0DB4D7E246F8}.Release|Any CPU.Build.0 = Release|Any CPU
		{36A6A46D-750F-4EF2-A017-B684C05BAB08}.Debug|Any CPU.ActiveCfg = Debug|Any CPU
		{36A6A46D-750F-4EF2-A017-B684C05BAB08}.Debug|Any CPU.Build.0 = Debug|Any CPU
		{36A6A46D-750F-4EF2-A017-B684C05BAB08}.Release|Any CPU.ActiveCfg = Release|Any CPU
		{36A6A46D-750F-4EF2-A017-B684C05BAB08}.Release|Any CPU.Build.0 = Release|Any CPU
		{403DC74A-A4D6-4BE6-99B5-2EA8A1D87019}.Debug|Any CPU.ActiveCfg = Debug|Any CPU
		{403DC74A-A4D6-4BE6-99B5-2EA8A1D87019}.Debug|Any CPU.Build.0 = Debug|Any CPU
		{403DC74A-A4D6-4BE6-99B5-2EA8A1D87019}.Debug|Any CPU.Deploy.0 = Debug|Any CPU
		{403DC74A-A4D6-4BE6-99B5-2EA8A1D87019}.Release|Any CPU.ActiveCfg = Release|Any CPU
		{403DC74A-A4D6-4BE6-99B5-2EA8A1D87019}.Release|Any CPU.Build.0 = Release|Any CPU
		{403DC74A-A4D6-4BE6-99B5-2EA8A1D87019}.Release|Any CPU.Deploy.0 = Release|Any CPU
		{68440F57-BBC1-40A1-B5B6-AF72AE1B1177}.Debug|Any CPU.ActiveCfg = Debug|Any CPU
		{68440F57-BBC1-40A1-B5B6-AF72AE1B1177}.Debug|Any CPU.Build.0 = Debug|Any CPU
		{68440F57-BBC1-40A1-B5B6-AF72AE1B1177}.Release|Any CPU.ActiveCfg = Release|Any CPU
		{68440F57-BBC1-40A1-B5B6-AF72AE1B1177}.Release|Any CPU.Build.0 = Release|Any CPU
		{491F6FCC-9187-4FF2-A88C-81E68C8A55DE}.Debug|Any CPU.ActiveCfg = Debug|Any CPU
		{491F6FCC-9187-4FF2-A88C-81E68C8A55DE}.Debug|Any CPU.Build.0 = Debug|Any CPU
		{491F6FCC-9187-4FF2-A88C-81E68C8A55DE}.Release|Any CPU.ActiveCfg = Release|Any CPU
		{491F6FCC-9187-4FF2-A88C-81E68C8A55DE}.Release|Any CPU.Build.0 = Release|Any CPU
		{373244AB-ADF6-4068-B945-294A34F3302D}.Debug|Any CPU.ActiveCfg = Debug|Any CPU
		{373244AB-ADF6-4068-B945-294A34F3302D}.Debug|Any CPU.Build.0 = Debug|Any CPU
		{373244AB-ADF6-4068-B945-294A34F3302D}.Release|Any CPU.ActiveCfg = Release|Any CPU
		{373244AB-ADF6-4068-B945-294A34F3302D}.Release|Any CPU.Build.0 = Release|Any CPU
		{AD887821-F9C8-4475-908C-CC65C2B1C59C}.Debug|Any CPU.ActiveCfg = Debug|Any CPU
		{AD887821-F9C8-4475-908C-CC65C2B1C59C}.Debug|Any CPU.Build.0 = Debug|Any CPU
		{AD887821-F9C8-4475-908C-CC65C2B1C59C}.Release|Any CPU.ActiveCfg = Release|Any CPU
		{AD887821-F9C8-4475-908C-CC65C2B1C59C}.Release|Any CPU.Build.0 = Release|Any CPU
		{537FF7BF-8C97-4F62-A916-D06A1BA4AE52}.Debug|Any CPU.ActiveCfg = Debug|Any CPU
		{537FF7BF-8C97-4F62-A916-D06A1BA4AE52}.Debug|Any CPU.Build.0 = Debug|Any CPU
		{537FF7BF-8C97-4F62-A916-D06A1BA4AE52}.Release|Any CPU.ActiveCfg = Release|Any CPU
		{537FF7BF-8C97-4F62-A916-D06A1BA4AE52}.Release|Any CPU.Build.0 = Release|Any CPU
		{9E8F2709-66D9-409A-B1B0-68FF9E197A31}.Debug|Any CPU.ActiveCfg = Debug|Any CPU
		{9E8F2709-66D9-409A-B1B0-68FF9E197A31}.Debug|Any CPU.Build.0 = Debug|Any CPU
		{9E8F2709-66D9-409A-B1B0-68FF9E197A31}.Release|Any CPU.ActiveCfg = Release|Any CPU
		{9E8F2709-66D9-409A-B1B0-68FF9E197A31}.Release|Any CPU.Build.0 = Release|Any CPU
		{2876BE96-D064-41F9-A189-40F2B0DBEC45}.Debug|Any CPU.ActiveCfg = Debug|Any CPU
		{2876BE96-D064-41F9-A189-40F2B0DBEC45}.Debug|Any CPU.Build.0 = Debug|Any CPU
		{2876BE96-D064-41F9-A189-40F2B0DBEC45}.Release|Any CPU.ActiveCfg = Release|Any CPU
		{2876BE96-D064-41F9-A189-40F2B0DBEC45}.Release|Any CPU.Build.0 = Release|Any CPU
		{84D7778B-F4CF-407A-935D-CA52F97D6ED6}.Debug|Any CPU.ActiveCfg = Debug|Any CPU
		{84D7778B-F4CF-407A-935D-CA52F97D6ED6}.Debug|Any CPU.Build.0 = Debug|Any CPU
		{84D7778B-F4CF-407A-935D-CA52F97D6ED6}.Release|Any CPU.ActiveCfg = Release|Any CPU
		{84D7778B-F4CF-407A-935D-CA52F97D6ED6}.Release|Any CPU.Build.0 = Release|Any CPU
		{EB2CAF3D-745B-481C-8068-CE9A2E600992}.Debug|Any CPU.ActiveCfg = Debug|Any CPU
		{EB2CAF3D-745B-481C-8068-CE9A2E600992}.Debug|Any CPU.Build.0 = Debug|Any CPU
		{EB2CAF3D-745B-481C-8068-CE9A2E600992}.Release|Any CPU.ActiveCfg = Release|Any CPU
		{EB2CAF3D-745B-481C-8068-CE9A2E600992}.Release|Any CPU.Build.0 = Release|Any CPU
		{6773734C-C5AD-4374-82D5-973F4BF35CAB}.Debug|Any CPU.ActiveCfg = Debug|Any CPU
		{6773734C-C5AD-4374-82D5-973F4BF35CAB}.Debug|Any CPU.Build.0 = Debug|Any CPU
		{6773734C-C5AD-4374-82D5-973F4BF35CAB}.Release|Any CPU.ActiveCfg = Release|Any CPU
		{6773734C-C5AD-4374-82D5-973F4BF35CAB}.Release|Any CPU.Build.0 = Release|Any CPU
		{D753E41C-FD1B-43C5-9D8D-AA58066F8CFF}.Debug|Any CPU.ActiveCfg = Debug|Any CPU
		{D753E41C-FD1B-43C5-9D8D-AA58066F8CFF}.Debug|Any CPU.Build.0 = Debug|Any CPU
		{D753E41C-FD1B-43C5-9D8D-AA58066F8CFF}.Release|Any CPU.ActiveCfg = Release|Any CPU
		{D753E41C-FD1B-43C5-9D8D-AA58066F8CFF}.Release|Any CPU.Build.0 = Release|Any CPU
		{244703B4-3381-4488-A132-5E86B00053F4}.Debug|Any CPU.ActiveCfg = Debug|Any CPU
		{244703B4-3381-4488-A132-5E86B00053F4}.Debug|Any CPU.Build.0 = Debug|Any CPU
		{244703B4-3381-4488-A132-5E86B00053F4}.Release|Any CPU.ActiveCfg = Release|Any CPU
		{244703B4-3381-4488-A132-5E86B00053F4}.Release|Any CPU.Build.0 = Release|Any CPU
		{08B15786-DC43-4629-80BC-07E6E1E74791}.Debug|Any CPU.ActiveCfg = Debug|Any CPU
		{08B15786-DC43-4629-80BC-07E6E1E74791}.Debug|Any CPU.Build.0 = Debug|Any CPU
		{08B15786-DC43-4629-80BC-07E6E1E74791}.Release|Any CPU.ActiveCfg = Release|Any CPU
		{08B15786-DC43-4629-80BC-07E6E1E74791}.Release|Any CPU.Build.0 = Release|Any CPU
		{1E80063C-2ACB-4217-9F2D-B5A16E1931EE}.Debug|Any CPU.ActiveCfg = Debug|Any CPU
		{1E80063C-2ACB-4217-9F2D-B5A16E1931EE}.Debug|Any CPU.Build.0 = Debug|Any CPU
		{1E80063C-2ACB-4217-9F2D-B5A16E1931EE}.Release|Any CPU.ActiveCfg = Release|Any CPU
		{1E80063C-2ACB-4217-9F2D-B5A16E1931EE}.Release|Any CPU.Build.0 = Release|Any CPU
		{75122D13-1CF0-4998-B0E9-03C107C2718E}.Debug|Any CPU.ActiveCfg = Debug|Any CPU
		{75122D13-1CF0-4998-B0E9-03C107C2718E}.Debug|Any CPU.Build.0 = Debug|Any CPU
		{75122D13-1CF0-4998-B0E9-03C107C2718E}.Release|Any CPU.ActiveCfg = Release|Any CPU
		{75122D13-1CF0-4998-B0E9-03C107C2718E}.Release|Any CPU.Build.0 = Release|Any CPU
		{73D5A577-1A58-4E59-8531-C2B31C81BADE}.Debug|Any CPU.ActiveCfg = Debug|Any CPU
		{73D5A577-1A58-4E59-8531-C2B31C81BADE}.Debug|Any CPU.Build.0 = Debug|Any CPU
		{73D5A577-1A58-4E59-8531-C2B31C81BADE}.Release|Any CPU.ActiveCfg = Release|Any CPU
		{73D5A577-1A58-4E59-8531-C2B31C81BADE}.Release|Any CPU.Build.0 = Release|Any CPU
		{4AA90EA9-3367-4076-B198-2E539C1D636F}.Debug|Any CPU.ActiveCfg = Debug|Any CPU
		{4AA90EA9-3367-4076-B198-2E539C1D636F}.Debug|Any CPU.Build.0 = Debug|Any CPU
		{4AA90EA9-3367-4076-B198-2E539C1D636F}.Release|Any CPU.ActiveCfg = Release|Any CPU
		{4AA90EA9-3367-4076-B198-2E539C1D636F}.Release|Any CPU.Build.0 = Release|Any CPU
		{FED13314-E2F0-4C1E-B656-EDC45EB25351}.Debug|Any CPU.ActiveCfg = Debug|Any CPU
		{FED13314-E2F0-4C1E-B656-EDC45EB25351}.Debug|Any CPU.Build.0 = Debug|Any CPU
		{FED13314-E2F0-4C1E-B656-EDC45EB25351}.Release|Any CPU.ActiveCfg = Release|Any CPU
		{FED13314-E2F0-4C1E-B656-EDC45EB25351}.Release|Any CPU.Build.0 = Release|Any CPU
	EndGlobalSection
	GlobalSection(SolutionProperties) = preSolution
		HideSolutionNode = FALSE
	EndGlobalSection
	GlobalSection(NestedProjects) = preSolution
		{0A016858-A0E1-4054-890A-8901079F8CC2} = {90988250-F53A-4655-81E5-F690E2CAD416}
		{E8D89EBC-FBFE-4191-8CC7-F489E729E4C9} = {0A016858-A0E1-4054-890A-8901079F8CC2}
		{491F6FCC-9187-4FF2-A88C-81E68C8A55DE} = {E8D89EBC-FBFE-4191-8CC7-F489E729E4C9}
		{373244AB-ADF6-4068-B945-294A34F3302D} = {E8D89EBC-FBFE-4191-8CC7-F489E729E4C9}
		{AD887821-F9C8-4475-908C-CC65C2B1C59C} = {E8D89EBC-FBFE-4191-8CC7-F489E729E4C9}
		{12968302-C293-42A6-8CE5-114CA39CDDBD} = {0A016858-A0E1-4054-890A-8901079F8CC2}
		{537FF7BF-8C97-4F62-A916-D06A1BA4AE52} = {12968302-C293-42A6-8CE5-114CA39CDDBD}
		{9E8F2709-66D9-409A-B1B0-68FF9E197A31} = {12968302-C293-42A6-8CE5-114CA39CDDBD}
		{2876BE96-D064-41F9-A189-40F2B0DBEC45} = {12968302-C293-42A6-8CE5-114CA39CDDBD}
		{84D7778B-F4CF-407A-935D-CA52F97D6ED6} = {12968302-C293-42A6-8CE5-114CA39CDDBD}
		{4F51F6CF-7CE8-4BBE-A8C8-15ECE483DC6F} = {90988250-F53A-4655-81E5-F690E2CAD416}
		{7473C34D-E8E8-465F-96D9-CAF19904780F} = {90988250-F53A-4655-81E5-F690E2CAD416}
		{EB2CAF3D-745B-481C-8068-CE9A2E600992} = {7473C34D-E8E8-465F-96D9-CAF19904780F}
		{1A9DF9D1-EAC3-46A6-8E70-12C7A299F79B} = {0A016858-A0E1-4054-890A-8901079F8CC2}
		{6773734C-C5AD-4374-82D5-973F4BF35CAB} = {1A9DF9D1-EAC3-46A6-8E70-12C7A299F79B}
		{D753E41C-FD1B-43C5-9D8D-AA58066F8CFF} = {1A9DF9D1-EAC3-46A6-8E70-12C7A299F79B}
		{244703B4-3381-4488-A132-5E86B00053F4} = {1A9DF9D1-EAC3-46A6-8E70-12C7A299F79B}
		{08B15786-DC43-4629-80BC-07E6E1E74791} = {1A9DF9D1-EAC3-46A6-8E70-12C7A299F79B}
		{1E80063C-2ACB-4217-9F2D-B5A16E1931EE} = {7473C34D-E8E8-465F-96D9-CAF19904780F}
		{603FCF73-0267-42E1-86DE-A1339DA0302C} = {0A016858-A0E1-4054-890A-8901079F8CC2}
		{75122D13-1CF0-4998-B0E9-03C107C2718E} = {603FCF73-0267-42E1-86DE-A1339DA0302C}
		{73D5A577-1A58-4E59-8531-C2B31C81BADE} = {603FCF73-0267-42E1-86DE-A1339DA0302C}
		{5CC2E981-1AC8-421E-B6F8-BA94CC8A7C31} = {4F51F6CF-7CE8-4BBE-A8C8-15ECE483DC6F}
		{4AA90EA9-3367-4076-B198-2E539C1D636F} = {5CC2E981-1AC8-421E-B6F8-BA94CC8A7C31}
		{BFBE7660-CD29-4202-88F6-85B241F958FD} = {4F51F6CF-7CE8-4BBE-A8C8-15ECE483DC6F}
		{FED13314-E2F0-4C1E-B656-EDC45EB25351} = {BFBE7660-CD29-4202-88F6-85B241F958FD}
	EndGlobalSection
	GlobalSection(ExtensibilityGlobals) = postSolution
		SolutionGuid = {7A9D6838-ED01-4238-A5A9-22EFD2D48A70}
	EndGlobalSection
EndGlobal
